
Microsoft Visual Studio Solution File, Format Version 12.00
# Visual Studio Version 17
VisualStudioVersion = 17.14.36119.2
MinimumVisualStudioVersion = 10.0.40219.1
Project("{FAE04EC0-301F-11D3-BF4B-00C04F79EFBC}") = "DevTrainingSecond", "DevTrainingSecond\DevTrainingSecond.csproj", "{02EE8195-4267-4AB8-8D54-A69CB3FD282A}"
EndProject
Project("{FAE04EC0-301F-11D3-BF4B-00C04F79EFBC}") = "Model", "Model\Model.csproj", "{BDB0EF7F-570F-40A8-8BD0-F73ECBD102C4}"
EndProject
Project("{FAE04EC0-301F-11D3-BF4B-00C04F79EFBC}") = "DataAccess", "DataAccess\DataAccess.csproj", "{81A30FD7-291D-471F-9A14-D766096F4DE9}"
EndProject
Project("{FAE04EC0-301F-11D3-BF4B-00C04F79EFBC}") = "MinAPI", "MinAPI\MinAPI.csproj", "{35466228-05C3-4FC6-A7D5-2E33B18D3355}"
EndProject
Global
	GlobalSection(SolutionConfigurationPlatforms) = preSolution
		Debug|Any CPU = Debug|Any CPU
		Release|Any CPU = Release|Any CPU
	EndGlobalSection
	GlobalSection(ProjectConfigurationPlatforms) = postSolution
		{02EE8195-4267-4AB8-8D54-A69CB3FD282A}.Debug|Any CPU.ActiveCfg = Debug|Any CPU
		{02EE8195-4267-4AB8-8D54-A69CB3FD282A}.Debug|Any CPU.Build.0 = Debug|Any CPU
		{02EE8195-4267-4AB8-8D54-A69CB3FD282A}.Release|Any CPU.ActiveCfg = Release|Any CPU
		{02EE8195-4267-4AB8-8D54-A69CB3FD282A}.Release|Any CPU.Build.0 = Release|Any CPU
		{BDB0EF7F-570F-40A8-8BD0-F73ECBD102C4}.Debug|Any CPU.ActiveCfg = Debug|Any CPU
		{BDB0EF7F-570F-40A8-8BD0-F73ECBD102C4}.Debug|Any CPU.Build.0 = Debug|Any CPU
		{BDB0EF7F-570F-40A8-8BD0-F73ECBD102C4}.Release|Any CPU.ActiveCfg = Release|Any CPU
		{BDB0EF7F-570F-40A8-8BD0-F73ECBD102C4}.Release|Any CPU.Build.0 = Release|Any CPU
		{81A30FD7-291D-471F-9A14-D766096F4DE9}.Debug|Any CPU.ActiveCfg = Debug|Any CPU
		{81A30FD7-291D-471F-9A14-D766096F4DE9}.Debug|Any CPU.Build.0 = Debug|Any CPU
		{81A30FD7-291D-471F-9A14-D766096F4DE9}.Release|Any CPU.ActiveCfg = Release|Any CPU
		{81A30FD7-291D-471F-9A14-D766096F4DE9}.Release|Any CPU.Build.0 = Release|Any CPU
		{35466228-05C3-4FC6-A7D5-2E33B18D3355}.Debug|Any CPU.ActiveCfg = Debug|Any CPU
		{35466228-05C3-4FC6-A7D5-2E33B18D3355}.Debug|Any CPU.Build.0 = Debug|Any CPU
		{35466228-05C3-4FC6-A7D5-2E33B18D3355}.Release|Any CPU.ActiveCfg = Release|Any CPU
		{35466228-05C3-4FC6-A7D5-2E33B18D3355}.Release|Any CPU.Build.0 = Release|Any CPU
	EndGlobalSection
	GlobalSection(SolutionProperties) = preSolution
		HideSolutionNode = FALSE
	EndGlobalSection
	GlobalSection(ExtensibilityGlobals) = postSolution
		SolutionGuid = {27E328F9-C0C2-49C5-AB70-BA81A64EB3A8}
	EndGlobalSection
EndGlobal
